
Microsoft Visual Studio Solution File, Format Version 12.00
# Visual Studio Version 17
VisualStudioVersion = 17.10.35027.167
MinimumVisualStudioVersion = 10.0.40219.1
Project("{FAE04EC0-301F-11D3-BF4B-00C04F79EFBC}") = "Assigmet05-oop", "Assigmet05-oop\Assigmet05-oop.csproj", "{A9FAFD8B-A413-410B-B15D-4451F9E8AE7B}"
EndProject
Project("{FAE04EC0-301F-11D3-BF4B-00C04F79EFBC}") = "demo", "demo\demo.csproj", "{A3EA7C07-C3C5-4ACD-8227-6420F47CF7F9}"
EndProject
Global
	GlobalSection(SolutionConfigurationPlatforms) = preSolution
		Debug|Any CPU = Debug|Any CPU
		Release|Any CPU = Release|Any CPU
	EndGlobalSection
	GlobalSection(ProjectConfigurationPlatforms) = postSolution
		{A9FAFD8B-A413-410B-B15D-4451F9E8AE7B}.Debug|Any CPU.ActiveCfg = Debug|Any CPU
		{A9FAFD8B-A413-410B-B15D-4451F9E8AE7B}.Debug|Any CPU.Build.0 = Debug|Any CPU
		{A9FAFD8B-A413-410B-B15D-4451F9E8AE7B}.Release|Any CPU.ActiveCfg = Release|Any CPU
		{A9FAFD8B-A413-410B-B15D-4451F9E8AE7B}.Release|Any CPU.Build.0 = Release|Any CPU
		{A3EA7C07-C3C5-4ACD-8227-6420F47CF7F9}.Debug|Any CPU.ActiveCfg = Debug|Any CPU
		{A3EA7C07-C3C5-4ACD-8227-6420F47CF7F9}.Debug|Any CPU.Build.0 = Debug|Any CPU
		{A3EA7C07-C3C5-4ACD-8227-6420F47CF7F9}.Release|Any CPU.ActiveCfg = Release|Any CPU
		{A3EA7C07-C3C5-4ACD-8227-6420F47CF7F9}.Release|Any CPU.Build.0 = Release|Any CPU
	EndGlobalSection
	GlobalSection(SolutionProperties) = preSolution
		HideSolutionNode = FALSE
	EndGlobalSection
	GlobalSection(ExtensibilityGlobals) = postSolution
		SolutionGuid = {B9262899-20EF-4FCE-8E05-AD4C6CE837A0}
	EndGlobalSection
EndGlobal
